
Microsoft Visual Studio Solution File, Format Version 12.00
# Visual Studio 15
VisualStudioVersion = 15.0.28307.329
MinimumVisualStudioVersion = 10.0.40219.1
Project("{FAE04EC0-301F-11D3-BF4B-00C04F79EFBC}") = "ADIFLib", "ADIFLib.csproj", "{B54C6FE4-B93E-44A8-A40E-57C14518401D}"
EndProject
Global
	GlobalSection(SolutionConfigurationPlatforms) = preSolution
		Debug|Any CPU = Debug|Any CPU
		Release|Any CPU = Release|Any CPU
	EndGlobalSection
	GlobalSection(ProjectConfigurationPlatforms) = postSolution
		{B54C6FE4-B93E-44A8-A40E-57C14518401D}.Debug|Any CPU.ActiveCfg = Debug|Any CPU
		{B54C6FE4-B93E-44A8-A40E-57C14518401D}.Debug|Any CPU.Build.0 = Debug|Any CPU
		{B54C6FE4-B93E-44A8-A40E-57C14518401D}.Release|Any CPU.ActiveCfg = Release|Any CPU
		{B54C6FE4-B93E-44A8-A40E-57C14518401D}.Release|Any CPU.Build.0 = Release|Any CPU
	EndGlobalSection
	GlobalSection(SolutionProperties) = preSolution
		HideSolutionNode = FALSE
	EndGlobalSection
	GlobalSection(ExtensibilityGlobals) = postSolution
		SolutionGuid = {E75D381F-2B40-4CF8-BFB8-3C9B326E7282}
	EndGlobalSection
EndGlobal
